
Microsoft Visual Studio Solution File, Format Version 12.00
# Visual Studio 15
VisualStudioVersion = 15.0.28010.2026
MinimumVisualStudioVersion = 10.0.40219.1
Project("{8BC9CEB8-8B4A-11D0-8D11-00A0C91BC942}") = "Project2.cpp", "Project2.cpp\Project2.cpp.vcxitems", "{5C1853F7-39B6-4D43-A9BD-5132FDDE9D77}"
EndProject
Global
	GlobalSection(SolutionProperties) = preSolution
		HideSolutionNode = FALSE
	EndGlobalSection
	GlobalSection(ExtensibilityGlobals) = postSolution
		SolutionGuid = {E91A1363-9A35-40CA-B9C2-7A1287A0C44B}
	EndGlobalSection
EndGlobal
