
Microsoft Visual Studio Solution File, Format Version 12.00
# Visual Studio 15
VisualStudioVersion = 15.0.28010.2036
MinimumVisualStudioVersion = 10.0.40219.1
Project("{888888A0-9F3D-457C-B088-3A5042F75D52}") = "gui", "gui\gui.pyproj", "{3B71EBB4-15D2-4CD3-9A16-5B6979996DE4}"
EndProject
Global
	GlobalSection(SolutionConfigurationPlatforms) = preSolution
		Debug|Any CPU = Debug|Any CPU
		Release|Any CPU = Release|Any CPU
	EndGlobalSection
	GlobalSection(ProjectConfigurationPlatforms) = postSolution
		{3B71EBB4-15D2-4CD3-9A16-5B6979996DE4}.Debug|Any CPU.ActiveCfg = Debug|Any CPU
		{3B71EBB4-15D2-4CD3-9A16-5B6979996DE4}.Release|Any CPU.ActiveCfg = Release|Any CPU
	EndGlobalSection
	GlobalSection(SolutionProperties) = preSolution
		HideSolutionNode = FALSE
	EndGlobalSection
	GlobalSection(ExtensibilityGlobals) = postSolution
		SolutionGuid = {F39945CC-166F-4C22-82AF-853EA4859EC9}
	EndGlobalSection
EndGlobal
