
Microsoft Visual Studio Solution File, Format Version 12.00
# Visual Studio 15
VisualStudioVersion = 15.0.28010.2036
MinimumVisualStudioVersion = 10.0.40219.1
Project("{8BC9CEB8-8B4A-11D0-8D11-00A0C91BC942}") = "ConsoleApplication2jjj", "ConsoleApplication2jjj\ConsoleApplication2jjj.vcxproj", "{A95ACCF8-17A7-47F2-B1BF-673B910D5EE6}"
EndProject
Global
	GlobalSection(SolutionConfigurationPlatforms) = preSolution
		Debug|x64 = Debug|x64
		Debug|x86 = Debug|x86
		Release|x64 = Release|x64
		Release|x86 = Release|x86
	EndGlobalSection
	GlobalSection(ProjectConfigurationPlatforms) = postSolution
		{A95ACCF8-17A7-47F2-B1BF-673B910D5EE6}.Debug|x64.ActiveCfg = Debug|x64
		{A95ACCF8-17A7-47F2-B1BF-673B910D5EE6}.Debug|x64.Build.0 = Debug|x64
		{A95ACCF8-17A7-47F2-B1BF-673B910D5EE6}.Debug|x86.ActiveCfg = Debug|Win32
		{A95ACCF8-17A7-47F2-B1BF-673B910D5EE6}.Debug|x86.Build.0 = Debug|Win32
		{A95ACCF8-17A7-47F2-B1BF-673B910D5EE6}.Release|x64.ActiveCfg = Release|x64
		{A95ACCF8-17A7-47F2-B1BF-673B910D5EE6}.Release|x64.Build.0 = Release|x64
		{A95ACCF8-17A7-47F2-B1BF-673B910D5EE6}.Release|x86.ActiveCfg = Release|Win32
		{A95ACCF8-17A7-47F2-B1BF-673B910D5EE6}.Release|x86.Build.0 = Release|Win32
	EndGlobalSection
	GlobalSection(SolutionProperties) = preSolution
		HideSolutionNode = FALSE
	EndGlobalSection
	GlobalSection(ExtensibilityGlobals) = postSolution
		SolutionGuid = {C272D0DF-1DE7-48F6-9C0D-4B7A3C8370A1}
	EndGlobalSection
EndGlobal
